
Microsoft Visual Studio Solution File, Format Version 12.00
# Visual Studio Version 16
VisualStudioVersion = 16.0.29020.237
MinimumVisualStudioVersion = 10.0.40219.1
Project("{FAE04EC0-301F-11D3-BF4B-00C04F79EFBC}") = "VariablePracticeProject", "VariablePracticeProject\VariablePracticeProject.csproj", "{C47DC9A9-4F7A-4D47-BBCC-5CE6A2BF4250}"
EndProject
Global
	GlobalSection(SolutionConfigurationPlatforms) = preSolution
		Debug|Any CPU = Debug|Any CPU
		Release|Any CPU = Release|Any CPU
	EndGlobalSection
	GlobalSection(ProjectConfigurationPlatforms) = postSolution
		{C47DC9A9-4F7A-4D47-BBCC-5CE6A2BF4250}.Debug|Any CPU.ActiveCfg = Debug|Any CPU
		{C47DC9A9-4F7A-4D47-BBCC-5CE6A2BF4250}.Debug|Any CPU.Build.0 = Debug|Any CPU
		{C47DC9A9-4F7A-4D47-BBCC-5CE6A2BF4250}.Release|Any CPU.ActiveCfg = Release|Any CPU
		{C47DC9A9-4F7A-4D47-BBCC-5CE6A2BF4250}.Release|Any CPU.Build.0 = Release|Any CPU
	EndGlobalSection
	GlobalSection(SolutionProperties) = preSolution
		HideSolutionNode = FALSE
	EndGlobalSection
	GlobalSection(ExtensibilityGlobals) = postSolution
		SolutionGuid = {6210B3D5-2429-4AAE-B602-46CC9463DE7F}
	EndGlobalSection
EndGlobal
